{
  "lockfileVersion": 1,
  "configVersion": 0,
  "workspaces": {
    "": {
      "name": "@zeix/cause-effect",
      "devDependencies": {
        "@biomejs/biome": "^2.5.3",
        "@types/bun": "^1.3.14",
        "@zeix/cause-effect-stable": "npm:@zeix/cause-effect@1.4.1",
        "mitata": "^1.0.34",
        "random": "^5.4.1",
        "ts-morph": "^28.0.0",
        "typescript": "^6.0.3",
      },
      "peerDependencies": {
        "typescript": ">=5.8.0",
      },
      "optionalPeers": [
        "typescript",
      ],
    },
  },
  "packages": {
    "@biomejs/biome": ["@biomejs/biome@2.5.8", "", { "optionalDependencies": { "@biomejs/cli-darwin-arm64": "2.5.8", "@biomejs/cli-darwin-x64": "2.5.8", "@biomejs/cli-linux-arm64": "2.5.8", "@biomejs/cli-linux-arm64-musl": "2.5.8", "@biomejs/cli-linux-x64": "2.5.8", "@biomejs/cli-linux-x64-musl": "2.5.8", "@biomejs/cli-win32-arm64": "2.5.8", "@biomejs/cli-win32-x64": "2.5.8" }, "bin": { "biome": "bin/biome" } }, "sha512-aeAeeJB9fSDc7Gq+2GqpQxA0qBj6gj1k2R6L1cYqGePKP/baIq1WX8y6B+D+nRsO5ViQL22K/8IwbqERW0q1nw=="],

    "@biomejs/cli-darwin-arm64": ["@biomejs/cli-darwin-arm64@2.5.8", "", { "os": "darwin", "cpu": "arm64" }, "sha512-mk1QON9PHllvvLN5gU3f4rMxeh4syK5p9OvKyWH6/W8ueh04uaC8TUXXByhGufWf/y5mQc03ZLM45zU+cmqMjA=="],

    "@biomejs/cli-darwin-x64": ["@biomejs/cli-darwin-x64@2.5.8", "", { "os": "darwin", "cpu": "x64" }, "sha512-bsGwFMBNyHPyiLSsQcZJxdoRrg1V4JL+d7wEsvUBczlP9U9lwM+7mzQHxI4o1mhBsTmdOBbAb6fHU3Z3snN45w=="],

    "@biomejs/cli-linux-arm64": ["@biomejs/cli-linux-arm64@2.5.8", "", { "os": "linux", "cpu": "arm64" }, "sha512-XmFiA0WPYFC+uiUDC8WRFzAIH9bo7vwQLav38Uoq4ETC+T/+uBi0TsYGJECkugY3r8USl3jc+Ae2/irAF6F2lQ=="],

    "@biomejs/cli-linux-arm64-musl": ["@biomejs/cli-linux-arm64-musl@2.5.8", "", { "os": "linux", "cpu": "arm64" }, "sha512-VcJNbstduTHx83NGAdhp78/JOcP45BZHXL7yNsfI1uGzdUgegAz2s+mSoT7wK6PBNzLoqG0zDOXaz/RQYVtSiw=="],

    "@biomejs/cli-linux-x64": ["@biomejs/cli-linux-x64@2.5.8", "", { "os": "linux", "cpu": "x64" }, "sha512-S5wcm9OBDvLHodD4PUaN488hCpco9QD/9ZxuYJiw4euWtr/oQvLR72z2ixItH8Wd5BCm6FZaeb+YNvOoM1xHtQ=="],

    "@biomejs/cli-linux-x64-musl": ["@biomejs/cli-linux-x64-musl@2.5.8", "", { "os": "linux", "cpu": "x64" }, "sha512-kKmiyokeISRGq2FLwvr+TzsgBusfxaZ0FZNLcOYOpCK/78tRrEjeEBLvq3xLZMpqbANgJdRPI7vZX8ZL37u9/w=="],

    "@biomejs/cli-win32-arm64": ["@biomejs/cli-win32-arm64@2.5.8", "", { "os": "win32", "cpu": "arm64" }, "sha512-nILH0mzm3Hi3iEdd7o7GpB8kBR/mSQwfQG/tyBqyNrY2GFtcgwfV9nV8xLmbtUpMNY/Oi0Ml1XgfR4flOdq+AA=="],

    "@biomejs/cli-win32-x64": ["@biomejs/cli-win32-x64@2.5.8", "", { "os": "win32", "cpu": "x64" }, "sha512-I2czzXTY61f3nFJxXoMDq80t7MivxDEnCjE+8sDKoFfcKMaoQdkqhIFQ3KyY0XLzeSpUBYeNAXgD+iOV/BU0VA=="],

    "@ts-morph/common": ["@ts-morph/common@0.29.0", "", { "dependencies": { "minimatch": "^10.0.1", "path-browserify": "^1.0.1", "tinyglobby": "^0.2.14" } }, "sha512-35oUmphHbJvQ/+UTwFNme/t2p3FoKiGJ5auTjjpNTop2dyREspirjMy82PLSC1pnDJ8ah1GU98hwpVt64YXQsg=="],

    "@types/bun": ["@types/bun@1.3.14", "", { "dependencies": { "bun-types": "1.3.14" } }, "sha512-h1hFqFVcvAvD9j9K7ZW7vd82aSA+rTdznZa+5bwvCwqSB1jmmfLcbIWhOLx1/+boy/xmjgCs/OMUL8hRJSmnPw=="],

    "@types/node": ["@types/node@22.10.10", "", { "dependencies": { "undici-types": "~6.20.0" } }, "sha512-X47y/mPNzxviAGY5TcYPtYL8JsY3kAq2n8fMmKoRCxq/c4v4pyGNCzM2R6+M5/umG4ZfHuT+sgqDYqWc9rJ6ww=="],

    "@zeix/cause-effect-stable": ["@zeix/cause-effect@1.4.1", "", { "peerDependencies": { "typescript": ">=5.8.0" }, "optionalPeers": ["typescript"] }, "sha512-BEV+ylkKVjkIQ37aoDDjRR9CbM0rSVCaIXEfHjnnXGlSqBcWLbPHf34/WYkKg6fU2kjU9HkfjBYPMdEcCAlpNg=="],

    "balanced-match": ["balanced-match@4.0.4", "", {}, "sha512-BLrgEcRTwX2o6gGxGOCNyMvGSp35YofuYzw9h1IMTRmKqttAZZVU67bdb9Pr2vUHA8+j3i2tJfjO6C6+4myGTA=="],

    "brace-expansion": ["brace-expansion@5.0.9", "", { "dependencies": { "balanced-match": "^4.0.2" } }, "sha512-ScQ4IuvIEF1TMlP7Zt+vjJ//9zlPb2SDcxWxM3bk8s6t6GGdJ7KO1dCcTidOPJKePW30LE/2cT7wCyPho9/Wxg=="],

    "bun-types": ["bun-types@1.3.14", "", { "dependencies": { "@types/node": "*" } }, "sha512-4N0ig0fEomHt5R0KCFWjovxow98rIoRwKolrYdCcknNwMekCXRnWEUvgu5soYV8QXtVsrUD8B95MBOZGPvr6KQ=="],

    "code-block-writer": ["code-block-writer@13.0.3", "", {}, "sha512-Oofo0pq3IKnsFtuHqSF7TqBfr71aeyZDVJ0HpmqB7FBM2qEigL0iPONSCZSO9pE9dZTAxANe5XHG9Uy0YMv8cg=="],

    "fdir": ["fdir@6.5.0", "", { "peerDependencies": { "picomatch": "^3 || ^4" }, "optionalPeers": ["picomatch"] }, "sha512-tIbYtZbucOs0BRGqPJkshJUYdL+SDH7dVM8gjy+ERp3WAUjLEFJE+02kanyHtwjWOnwrKYBiwAmM0p4kLJAnXg=="],

    "minimatch": ["minimatch@10.2.6", "", { "dependencies": { "brace-expansion": "^5.0.8" } }, "sha512-vpLQEs+VLCr1nU0BXS07maYoFwlDAH0gngQuuttxIwutDFEMHq2blX+8vpgxDdK3J1PwjCJiep77OitTZ4Ll1A=="],

    "mitata": ["mitata@1.0.34", "", {}, "sha512-Mc3zrtNBKIMeHSCQ0XqRLo1vbdIx1wvFV9c8NJAiyho6AjNfMY8bVhbS12bwciUdd1t4rj8099CH3N3NFahaUA=="],

    "path-browserify": ["path-browserify@1.0.1", "", {}, "sha512-b7uo2UCUOYZcnF/3ID0lulOJi/bafxa1xPe7ZPsammBSpjSWQkjNxlt635YGS2MiR9GjvuXCtz2emr3jbsz98g=="],

    "picomatch": ["picomatch@4.0.5", "", {}, "sha512-RvwwcruNjI1ncT5xRakeyS9Lf8lcItv34KD+aif+VH9kduAyfYBipGh12274xtenIPZ119/R9BdTBa8gAwSh0A=="],

    "random": ["random@5.4.1", "", {}, "sha512-HtccRkYkAXCbj9bqsyGKGlicyeZ5AsQgs49fEuUO/BvrJ7WOQqXPjdg1CZrFjBkoT75ozrWlQXJ7TcXXLv2ISQ=="],

    "tinyglobby": ["tinyglobby@0.2.17", "", { "dependencies": { "fdir": "^6.5.0", "picomatch": "^4.0.4" } }, "sha512-wXR/dYpcqKmfWpEdZjiKJOwCNFndD0DMnrW/cYjVGttEkBfVgcLFHoNrlj47mjOVic9yyNu65alsgF4NQyTa2g=="],

    "ts-morph": ["ts-morph@28.0.0", "", { "dependencies": { "@ts-morph/common": "~0.29.0", "code-block-writer": "^13.0.3" } }, "sha512-Wp3tnZ2bzwxyTZMtgWVzXDfm7lB1Drz+y9DmmYH/L702PQhPyVrp3pkou3yIz4qjS14GY9kcpmLiOOMvl8oG1g=="],

    "typescript": ["typescript@6.0.3", "", { "bin": { "tsc": "bin/tsc", "tsserver": "bin/tsserver" } }, "sha512-y2TvuxSZPDyQakkFRPZHKFm+KKVqIisdg9/CZwm9ftvKXLP8NRWj38/ODjNbr43SsoXqNuAisEf1GdCxqWcdBw=="],

    "undici-types": ["undici-types@6.20.0", "", {}, "sha512-Ny6QZ2Nju20vw1SRHe3d9jVu6gJ+4e3+MMpqu7pqE5HT6WsTSlce++GQmK5UXS8mzV8DSYHrQH+Xrf2jVcuKNg=="],
  }
}
