{
  "name": "@zeix/cause-effect",
  "version": "0.9.7",
  "lockfileVersion": 3,
  "requires": true,
  "packages": {
    "": {
      "name": "@zeix/cause-effect",
      "version": "0.9.7",
      "license": "MIT",
      "devDependencies": {
        "@types/bun": "latest",
        "random": "^5.1.1"
      },
      "peerDependencies": {
        "typescript": "^5.6.3"
      }
    },
    "node_modules/@types/bun": {
      "version": "1.2.0",
      "resolved": "https://registry.npmjs.org/@types/bun/-/bun-1.2.0.tgz",
      "integrity": "sha512-5N1JqdahfpBlAv4wy6svEYcd/YfO2GNrbL95JOmFx8nkE6dbK4R0oSE5SpBA4vBRqgrOUAXF8Dpiz+gi7r80SA==",
      "dev": true,
      "license": "MIT",
      "dependencies": {
        "bun-types": "1.2.0"
      }
    },
    "node_modules/@types/node": {
      "version": "22.10.10",
      "resolved": "https://registry.npmjs.org/@types/node/-/node-22.10.10.tgz",
      "integrity": "sha512-X47y/mPNzxviAGY5TcYPtYL8JsY3kAq2n8fMmKoRCxq/c4v4pyGNCzM2R6+M5/umG4ZfHuT+sgqDYqWc9rJ6ww==",
      "dev": true,
      "license": "MIT",
      "dependencies": {
        "undici-types": "~6.20.0"
      }
    },
    "node_modules/@types/ws": {
      "version": "8.5.14",
      "resolved": "https://registry.npmjs.org/@types/ws/-/ws-8.5.14.tgz",
      "integrity": "sha512-bd/YFLW+URhBzMXurx7lWByOu+xzU9+kb3RboOteXYDfW+tr+JZa99OyNmPINEGB/ahzKrEuc8rcv4gnpJmxTw==",
      "dev": true,
      "license": "MIT",
      "dependencies": {
        "@types/node": "*"
      }
    },
    "node_modules/bun-types": {
      "version": "1.2.0",
      "resolved": "https://registry.npmjs.org/bun-types/-/bun-types-1.2.0.tgz",
      "integrity": "sha512-KEaJxyZfbV/c4eyG0vyehDpYmBGreNiQbZIqvVHJwZ4BmeuWlNZ7EAzMN2Zcd7ailmS/tGVW0BgYbGf+lGEpWw==",
      "dev": true,
      "license": "MIT",
      "dependencies": {
        "@types/node": "*",
        "@types/ws": "~8.5.10"
      }
    },
    "node_modules/random": {
      "version": "5.1.1",
      "resolved": "https://registry.npmjs.org/random/-/random-5.1.1.tgz",
      "integrity": "sha512-iidvORUvXY1ItoYxO0eduHCKl22QV0G6460vRHe862dUagJKPhRyjUGwK8ioOCG4NRuFvExHFpqMngsnr2miwA==",
      "dev": true,
      "license": "MIT",
      "engines": {
        "node": ">=18"
      }
    },
    "node_modules/typescript": {
      "version": "5.6.3",
      "license": "Apache-2.0",
      "peer": true,
      "bin": {
        "tsc": "bin/tsc",
        "tsserver": "bin/tsserver"
      },
      "engines": {
        "node": ">=14.17"
      }
    },
    "node_modules/undici-types": {
      "version": "6.20.0",
      "resolved": "https://registry.npmjs.org/undici-types/-/undici-types-6.20.0.tgz",
      "integrity": "sha512-Ny6QZ2Nju20vw1SRHe3d9jVu6gJ+4e3+MMpqu7pqE5HT6WsTSlce++GQmK5UXS8mzV8DSYHrQH+Xrf2jVcuKNg==",
      "dev": true,
      "license": "MIT"
    }
  }
}
